{
  "name": "frontend",
  "lockfileVersion": 3,
  "requires": true,
  "packages": {
    "": {
      "dependencies": {
        "agentloom-frontend": "file:.."
      }
    },
    "..": {
      "name": "agentloom-frontend",
      "version": "0.1.0",
      "dependencies": {
        "@tanstack/react-query": "^5.101.4",
        "react": "^19.0.0",
        "react-dom": "^19.0.0",
        "react-router-dom": "^7.18.2"
      },
      "devDependencies": {
        "@types/react": "^19.0.0",
        "@types/react-dom": "^19.0.0",
        "@vitejs/plugin-react": "^5.0.0",
        "typescript": "^5.8.0",
        "vite": "^7.0.0"
      },
      "engines": {
        "node": ">=22",
        "npm": ">=10"
      }
    },
    "node_modules/agentloom-frontend": {
      "resolved": "..",
      "link": true
    }
  }
}
